
Microsoft Visual Studio Solution File, Format Version 12.00
# Visual Studio Version 17
VisualStudioVersion = 17.4.33213.308
MinimumVisualStudioVersion = 10.0.40219.1
Project("{FAE04EC0-301F-11D3-BF4B-00C04F79EFBC}") = "checking", "checking.csproj", "{4970DC5B-A3E6-4EF3-B2C7-643E2C6464E3}"
EndProject
Project("{2150E333-8FDC-42A3-9474-1A3956D46DE8}") = "Solution Items", "Solution Items", "{B95DBCDD-3027-4409-B2EF-8420CFCBBDE6}"
EndProject
Global
	GlobalSection(SolutionConfigurationPlatforms) = preSolution
		Debug|Any CPU = Debug|Any CPU
		Release|Any CPU = Release|Any CPU
	EndGlobalSection
	GlobalSection(ProjectConfigurationPlatforms) = postSolution
		{4970DC5B-A3E6-4EF3-B2C7-643E2C6464E3}.Debug|Any CPU.ActiveCfg = Debug|Any CPU
		{4970DC5B-A3E6-4EF3-B2C7-643E2C6464E3}.Debug|Any CPU.Build.0 = Debug|Any CPU
		{4970DC5B-A3E6-4EF3-B2C7-643E2C6464E3}.Release|Any CPU.ActiveCfg = Release|Any CPU
		{4970DC5B-A3E6-4EF3-B2C7-643E2C6464E3}.Release|Any CPU.Build.0 = Release|Any CPU
	EndGlobalSection
	GlobalSection(SolutionProperties) = preSolution
		HideSolutionNode = FALSE
	EndGlobalSection
	GlobalSection(ExtensibilityGlobals) = postSolution
		SolutionGuid = {E07A5424-902B-4309-BBD9-96BE395242F0}
	EndGlobalSection
EndGlobal
